SITE
  remote: https://supermarket.getchef.com/api/v1
  specs:
    7-zip (1.0.2)
      windows (>= 1.2.2)
    ant (1.0.2)
      ark (>= 0.0.0)
      java (>= 0.0.0)
    apache2 (3.0.0)
      iptables (>= 0.0.0)
      logrotate (>= 0.0.0)
    apt (2.6.0)
    ark (0.9.0)
      7-zip (>= 0.0.0)
      windows (>= 0.0.0)
    aws (2.5.0)
    build-essential (2.1.3)
    chef-client (4.0.0)
      cron (>= 1.2.0)
      logrotate (>= 1.2.0)
      windows (~> 1.11)
    chef-server (2.1.6)
    chef-sugar (2.4.1)
    chef_handler (1.1.6)
    cpu (0.2.0)
    cron (1.6.1)
    curl (2.0.1)
    database (2.3.1)
      aws (>= 0.0.0)
      mysql (~> 5.0)
      mysql-chef_gem (~> 0.0)
      postgresql (>= 1.0.0)
      xfs (>= 0.0.0)
    dmg (2.2.2)
    elasticsearch (0.3.10)
      ark (>= 0.2.4)
    erlang (1.5.6)
      apt (>= 1.7.0)
      build-essential (>= 0.0.0)
      yum (~> 3.0)
      yum-epel (>= 0.0.0)
      yum-erlang_solutions (>= 0.0.0)
    git (4.0.2)
      build-essential (>= 0.0.0)
      dmg (>= 0.0.0)
      runit (>= 1.0.0)
      windows (>= 0.0.0)
      yum (~> 3.0)
      yum-epel (>= 0.0.0)
    hostsfile (2.4.5)
    htpasswd (0.2.4)
      python (>= 0.0.0)
    iptables (0.14.0)
    iptables-ng (2.2.4)
    java (1.29.0)
    keepalived (1.2.0)
    locales (0.3.1)
    logrotate (1.7.0)
    logstash (0.11.2)
      ant (>= 0.0.0)
      ark (>= 0.0.0)
      build-essential (>= 0.0.0)
      curl (>= 0.0.0)
      git (>= 0.0.0)
      java (>= 0.0.0)
      logrotate (>= 0.0.0)
      python (>= 0.0.0)
      runit (>= 0.0.0)
    lvm (1.2.2)
    mysql (5.6.1)
      yum-mysql-community (>= 0.0.0)
    mysql-chef_gem (0.0.5)
      build-essential (>= 0.0.0)
      mysql (>= 0.0.0)
    nodejs (2.2.0)
      apt (>= 0.0.0)
      ark (>= 0.0.0)
      build-essential (>= 0.0.0)
      yum-epel (>= 0.0.0)
    nscd (0.12.0)
    ntp (1.7.0)
    openssl (2.0.0)
      chef-sugar (>= 0.0.0)
    postfix (3.6.2)
    postgresql (3.4.14)
      apt (>= 1.9.0)
      build-essential (>= 0.0.0)
      openssl (>= 0.0.0)
    python (1.4.6)
      build-essential (>= 0.0.0)
      yum-epel (>= 0.0.0)
    rabbitmq (3.7.0)
      erlang (>= 0.9)
    redisio (2.2.4)
      build-essential (>= 0.0.0)
      ulimit (>= 0.1.2)
    resolver (1.2.0)
    rsyslog (1.13.0)
    runit (1.5.12)
      build-essential (>= 0.0.0)
      yum (~> 3.0)
      yum-epel (>= 0.0.0)
    sensu (2.3.0)
      apt (>= 0.0.0)
      rabbitmq (>= 2.0.0)
      redisio (>= 1.7.0)
      windows (>= 1.8.8)
      yum (>= 0.0.0)
    squid (0.5.2)
    sudo (2.7.1)
    timezone (0.0.1)
    uchiwa (1.0.0)
      apt (>= 0.0.0)
      nodejs (>= 0.0.0)
      yum (>= 0.0.0)
    ulimit (0.3.2)
    users (1.7.0)
    windows (1.36.1)
      chef_handler (>= 0.0.0)
    xfs (1.1.0)
    xinetd (1.0.0)
    yum (3.5.1)
    yum-epel (0.5.3)
      yum (~> 3.0)
    yum-erlang_solutions (0.2.0)
      yum (~> 3.0)
    yum-mysql-community (0.1.11)
      yum (>= 3.0)

GIT
  remote: https://github.com/atomic-penguin/cookbook-snmp
  ref: 13f1223b5ccca96588530f6129bfdde6f065580e
  sha: 13f1223b5ccca96588530f6129bfdde6f065580e
  specs:
    cookbook-snmp (3.0.1)

GIT
  remote: https://github.com/coletivoEITA/awstats-cookbook.git
  ref: f8938852689bf480998c663b0b96f733c9adb40f
  sha: f8938852689bf480998c663b0b96f733c9adb40f
  specs:
    awstat (0.2.2)
      apache2 (>= 2.0.0)
      cron (>= 0.0.0)
      htpasswd (>= 0.0.0)

GIT
  remote: https://github.com/dsi-infrastructure/chef-reverseproxy
  ref: 5e11cc350747ebb6edb6c656c74128af36b1ff47
  sha: 5e11cc350747ebb6edb6c656c74128af36b1ff47
  specs:
    chef-reverseproxy (0.1.0)
      apache2 (>= 0.0.0)
      hostsfile (>= 0.0.0)

GIT
  remote: https://github.com/hw-cookbooks/haproxy
  ref: bd58b4d9b6812e3519ef9d96389c6f6bb8ca04c4
  sha: bd58b4d9b6812e3519ef9d96389c6f6bb8ca04c4
  specs:
    haproxy (1.6.6)
      build-essential (>= 0.0.0)
      cpu (>= 0.2.0)

GIT
  remote: https://github.com/jrwesolo/limits
  ref: 33335bd0819dc2a7a96a7253c634a574a531d4ba
  sha: 33335bd0819dc2a7a96a7253c634a574a531d4ba
  specs:
    limits (0.2.0)

GIT
  remote: https://github.com/opscode-cookbooks/ohai
  ref: 63b78a4852dbff33cc33fc9753d8f19d2232d8d8
  sha: 63b78a4852dbff33cc33fc9753d8f19d2232d8d8
  specs:
    ohai (2.0.2)

GIT
  remote: https://github.com/peychart/chef-aggregator
  ref: 13c013eecc2ce7d82b1f978581040ce514cc9292
  sha: 13c013eecc2ce7d82b1f978581040ce514cc9292
  specs:
    chef-aggregator (0.1.0)
      chef-iproute2 (>= 0.0.0)

GIT
  remote: https://github.com/peychart/chef-caimito
  ref: 658f5ca93eacf2c6a1175ef52ec6cd02dd5e4b6a
  sha: 658f5ca93eacf2c6a1175ef52ec6cd02dd5e4b6a
  specs:
    chef-caimito (0.1.0)

GIT
  remote: https://github.com/peychart/chef-crontab
  ref: 76dcd654c0a5d1c606ce727873dcc0d0947b09d2
  sha: 76dcd654c0a5d1c606ce727873dcc0d0947b09d2
  specs:
    chef-crontab (0.1.0)

GIT
  remote: https://github.com/peychart/chef-delegate
  ref: 271e7afe3dadb0b3c887b45a43819dfa6ec4ebe5
  sha: 271e7afe3dadb0b3c887b45a43819dfa6ec4ebe5
  specs:
    chef-delegate (0.1.0)

GIT
  remote: https://github.com/peychart/chef-haproxy-ng
  ref: 22e4618ba6775797653d78e9d0a80e746af96b82
  sha: 22e4618ba6775797653d78e9d0a80e746af96b82
  specs:
    chef-haproxy-ng (0.1.0)

GIT
  remote: https://github.com/peychart/chef-hostsfile
  ref: 95a12f38abbb74de2cc231fa63fe14f67a2269a2
  sha: 95a12f38abbb74de2cc231fa63fe14f67a2269a2
  specs:
    chef-hostsfile (0.1.0)
      hostsfile (>= 0.0.0)

GIT
  remote: https://github.com/peychart/chef-iproute2
  ref: 0f678690b208ea32555c439de0bf34a68f02a293
  sha: 0f678690b208ea32555c439de0bf34a68f02a293
  specs:
    chef-iproute2 (0.1.0)

GIT
  remote: https://github.com/peychart/chef-iptables
  ref: c760eb5882b7116966dd3ee4524f06616809f144
  sha: c760eb5882b7116966dd3ee4524f06616809f144
  specs:
    chef-iptables (0.1.0)

GIT
  remote: https://github.com/peychart/chef-iscsiadm
  ref: db84a1d9b5612bf1807a6df37a9cdb6bb4a4224a
  sha: db84a1d9b5612bf1807a6df37a9cdb6bb4a4224a
  specs:
    chef-iscsiadm (0.1.0)

GIT
  remote: https://github.com/peychart/chef-ldap-checkbackend
  ref: f260d729e64e40e386a82bf9a77f622ed222467d
  sha: f260d729e64e40e386a82bf9a77f622ed222467d
  specs:
    chef-ldap-checkbackend (0.1.0)
      cookbook-snmp (>= 0.0.0)
      xinetd (>= 0.0.0)

GIT
  remote: https://github.com/peychart/chef-lvm
  ref: d1de3774ed90fec1bb107cb4e8e6df91fa95e16a
  sha: d1de3774ed90fec1bb107cb4e8e6df91fa95e16a
  specs:
    chef-lvm (0.1.0)
      lvm (>= 0.0.0)

GIT
  remote: https://github.com/peychart/chef-nodeAttributes
  ref: f8c8ae84a426ee328640b90f1011a1fe4826dc5d
  sha: f8c8ae84a426ee328640b90f1011a1fe4826dc5d
  specs:
    chef-nodeAttributes (0.1.0)

GIT
  remote: https://github.com/peychart/chef-owncloud
  ref: 1965ad66e5a5cc9fb861d3fd281f2ec8a33ae7d3
  sha: 1965ad66e5a5cc9fb861d3fd281f2ec8a33ae7d3
  specs:
    chef-owncloud (0.1.0)

GIT
  remote: https://github.com/peychart/chef-specific.gov.pf
  ref: 230a34fc8be8f05192d56eb604419fd182bcbced
  sha: 230a34fc8be8f05192d56eb604419fd182bcbced
  specs:
    chef-specific (0.1.0)

GIT
  remote: https://github.com/peychart/chef-squidGuard
  ref: 52a38e77fbf4471019a1e950d7aabff55094e947
  sha: 52a38e77fbf4471019a1e950d7aabff55094e947
  specs:
    chef-squidGuard (0.1.0)
      apache2 (>= 0.0.0)

GIT
  remote: https://github.com/peychart/chef-squid_ldap_auth
  ref: 05b3579ed3b7760e78c798cb883be4c43cb567e1
  sha: 05b3579ed3b7760e78c798cb883be4c43cb567e1
  specs:
    chef-squid_ldap_auth (0.1.0)

GIT
  remote: https://github.com/shellycloud/apt-cacher-ng
  ref: 8f44fe1e87f1e8d5a8d992223971a8223cde4b40
  sha: 8f44fe1e87f1e8d5a8d992223971a8223cde4b40
  specs:
    apt-cacher-ng (0.1.0)

GIT
  remote: https://github.com/sitle/chef-devops.git
  ref: 503aa5acfc05d4c3cbdc9f05a581f007c8abbb95
  sha: 503aa5acfc05d4c3cbdc9f05a581f007c8abbb95
  specs:
    devops (0.1.0)
      apache2 (>= 0.0.0)
      apt (>= 0.0.0)

GIT
  remote: https://github.com/sitle/chef-monitor
  ref: e28969343df4ce6d09670f97e7aecb8ce268369a
  sha: e28969343df4ce6d09670f97e7aecb8ce268369a
  specs:
    chef-monitor (0.1.0)
      apache2 (>= 0.0.0)
      ntp (>= 0.0.0)
      sensu (>= 0.0.0)
      sudo (>= 0.0.0)
      uchiwa (>= 0.0.0)

GIT
  remote: https://github.com/sitle/chef-samba
  ref: 61909a63ec6ef6a1ea07da21caeb2a3d0ebd9954
  sha: 61909a63ec6ef6a1ea07da21caeb2a3d0ebd9954
  specs:
    samba (0.1.0)
      openldap (>= 0.0.0)

GIT
  remote: https://github.com/sitle/openldap
  ref: 48715055172c142cf889b98817a4fa416cb8fbba
  sha: 48715055172c142cf889b98817a4fa416cb8fbba
  specs:
    openldap (0.1.0)

GIT
  remote: https://github.com/stephaneLII/chef-dsi-users
  ref: cd0831330a2812a3c68d5bed678d852115247d7d
  sha: cd0831330a2812a3c68d5bed678d852115247d7d
  specs:
    dsi-users (0.1.0)
      sudo (>= 0.0.0)

GIT
  remote: https://github.com/stephaneLII/chef-qmail
  ref: 7f0ed0ade2dc93f7d264e58aa84a9ea1b0693607
  sha: 7f0ed0ade2dc93f7d264e58aa84a9ea1b0693607
  specs:
    qmail (0.1.0)

GIT
  remote: https://github.com/stephaneLII/chef-squirrelmail
  ref: c9646829db88401b6659a39a6d9f649508c968e9
  sha: c9646829db88401b6659a39a6d9f649508c968e9
  specs:
    chef-squirrelmail (0.1.0)
      apt (>= 0.0.0)

GIT
  remote: https://github.com/viverae-cookbooks/sysctl
  ref: 8d0bcf83179a59b1bc83c57be143b990c2d395e4
  sha: 8d0bcf83179a59b1bc83c57be143b990c2d395e4
  specs:
    sysctl (0.6.0)
      ohai (>= 0.0.0)

GIT
  remote: https://gitlab.gov.pf/infrastructure/chef-mataara.git
  ref: 1dade564841579c7e084f9fc6fa04c611c83aee7
  sha: 1dade564841579c7e084f9fc6fa04c611c83aee7
  specs:
    mataara (0.1.0)
      apt (>= 0.0.0)
      database (>= 0.0.0)
      mysql (>= 0.0.0)

DEPENDENCIES
  apt-cacher-ng (>= 0)
  awstat (>= 0)
  chef-aggregator (>= 0)
  chef-caimito (>= 0)
  chef-client (>= 0)
  chef-crontab (>= 0)
  chef-delegate (>= 0)
  chef-haproxy-ng (>= 0)
  chef-hostsfile (>= 0)
  chef-iproute2 (>= 0)
  chef-iptables (>= 0)
  chef-iscsiadm (>= 0)
  chef-ldap-checkbackend (>= 0)
  chef-lvm (>= 0)
  chef-monitor (>= 0)
  chef-nodeAttributes (>= 0)
  chef-owncloud (>= 0)
  chef-reverseproxy (>= 0)
  chef-server (>= 0)
  chef-specific (>= 0)
  chef-squidGuard (>= 0)
  chef-squid_ldap_auth (>= 0)
  chef-squirrelmail (>= 0)
  cookbook-snmp (>= 0)
  database (>= 0)
  devops (>= 0)
  dsi-users (>= 0)
  elasticsearch (>= 0)
  haproxy (>= 0)
  iptables-ng (>= 0)
  keepalived (>= 0)
  limits (>= 0)
  locales (>= 0)
  logstash (>= 0)
  mataara (>= 0)
  nscd (>= 0)
  ntp (>= 0)
  ohai (>= 0)
  openldap (>= 0)
  postfix (>= 0)
  qmail (>= 0)
  resolver (>= 0)
  rsyslog (>= 0)
  samba (>= 0)
  sensu (>= 0)
  squid (>= 0)
  sudo (>= 0)
  sysctl (>= 0)
  timezone (>= 0)
  users (>= 0)

